
Microsoft Visual Studio Solution File, Format Version 12.00
Project("{FAE04EC0-301F-11D3-BF4B-00C04F79EFBC}") = "Server", "Server\Server.csproj", "{F3A3B089-C34F-4F27-AD80-E61F8B37CE87}"
EndProject
Project("{FAE04EC0-301F-11D3-BF4B-00C04F79EFBC}") = "Test", "Test\Test.csproj", "{69505A38-00F6-4919-B527-00E5431AE2C2}"
EndProject
Global
	GlobalSection(SolutionConfigurationPlatforms) = preSolution
		Debug|Any CPU = Debug|Any CPU
		Release|Any CPU = Release|Any CPU
	EndGlobalSection
	GlobalSection(ProjectConfigurationPlatforms) = postSolution
		{F3A3B089-C34F-4F27-AD80-E61F8B37CE87}.Debug|Any CPU.ActiveCfg = Debug|Any CPU
		{F3A3B089-C34F-4F27-AD80-E61F8B37CE87}.Debug|Any CPU.Build.0 = Debug|Any CPU
		{F3A3B089-C34F-4F27-AD80-E61F8B37CE87}.Release|Any CPU.ActiveCfg = Release|Any CPU
		{F3A3B089-C34F-4F27-AD80-E61F8B37CE87}.Release|Any CPU.Build.0 = Release|Any CPU
		{69505A38-00F6-4919-B527-00E5431AE2C2}.Debug|Any CPU.ActiveCfg = Debug|Any CPU
		{69505A38-00F6-4919-B527-00E5431AE2C2}.Debug|Any CPU.Build.0 = Debug|Any CPU
		{69505A38-00F6-4919-B527-00E5431AE2C2}.Release|Any CPU.ActiveCfg = Release|Any CPU
		{69505A38-00F6-4919-B527-00E5431AE2C2}.Release|Any CPU.Build.0 = Release|Any CPU
	EndGlobalSection
EndGlobal
